
Microsoft Visual Studio Solution File, Format Version 12.00
# Visual Studio Version 17
VisualStudioVersion = 17.14.36915.13
MinimumVisualStudioVersion = 10.0.40219.1
Project("{FAE04EC0-301F-11D3-BF4B-00C04F79EFBC}") = "EnergyPlus", "EnergyPlus\EnergyPlus.csproj", "{2AC72181-1B0D-4DC5-A004-B3FF31662FB5}"
EndProject
Project("{FAE04EC0-301F-11D3-BF4B-00C04F79EFBC}") = "BiggerStacks", "BiggerStacks\BiggerStacks.csproj", "{EF61577D-80EB-4311-AB86-67B72F2C0F17}"
EndProject
Project("{FAE04EC0-301F-11D3-BF4B-00C04F79EFBC}") = "ManaPlus", "ManaPlus\ManaPlus.csproj", "{4B7C9412-19F4-4227-BF89-9F0CDB82C13F}"
EndProject
Project("{FAE04EC0-301F-11D3-BF4B-00C04F79EFBC}") = "InstantCrafting", "InstantCrafting\InstantCrafting.csproj", "{CFF6B26B-B52F-4AB9-9DFF-37502786310F}"
EndProject
Project("{FAE04EC0-301F-11D3-BF4B-00C04F79EFBC}") = "NeverEndingCan", "NeverEndingCan\NeverEndingCan.csproj", "{A2749E11-B3F9-4485-8C4B-110B4F848CDC}"
EndProject
Project("{FAE04EC0-301F-11D3-BF4B-00C04F79EFBC}") = "FishingPlus", "FishingPlus\FishingPlus.csproj", "{3B38EA9D-77C8-4561-B21D-3A31FDED5881}"
EndProject
Project("{FAE04EC0-301F-11D3-BF4B-00C04F79EFBC}") = "Kuri.SRDebugger", "Kuri.SRDebugger\Kuri.SRDebugger.csproj", "{A6969A52-7153-4E57-9269-05BAFD7A274A}"
EndProject
Project("{FAE04EC0-301F-11D3-BF4B-00C04F79EFBC}") = "kuri.moonlightpeaks.customquests", "kuri.moonlightpeaks.customquests\kuri.moonlightpeaks.customquests.csproj", "{8588FC66-96BD-402C-B1F7-7C8C1B3EAF1C}"
EndProject
Project("{FAE04EC0-301F-11D3-BF4B-00C04F79EFBC}") = "kuri.nokturna.autowin", "kuri.nokturna.autowin\kuri.nokturna.autowin.csproj", "{590C4298-9FC3-4929-B2FF-27DF04239338}"
EndProject
Project("{FAE04EC0-301F-11D3-BF4B-00C04F79EFBC}") = "kuri.items.controlledrandomquality", "kuri.items.controlledrandomquality\kuri.items.controlledrandomquality.csproj", "{F787A96A-7DCF-4DFE-8C01-DE92A2DC940A}"
EndProject
Project("{FAE04EC0-301F-11D3-BF4B-00C04F79EFBC}") = "kuri.weather.manipulator", "kuri.weather.manipulator\kuri.weather.manipulator.csproj", "{8CAF92CD-936E-477E-8C4D-47602717FAFA}"
EndProject
Global
	GlobalSection(SolutionConfigurationPlatforms) = preSolution
		Debug|Any CPU = Debug|Any CPU
		Release|Any CPU = Release|Any CPU
	EndGlobalSection
	GlobalSection(ProjectConfigurationPlatforms) = postSolution
		{2AC72181-1B0D-4DC5-A004-B3FF31662FB5}.Debug|Any CPU.ActiveCfg = Debug|Any CPU
		{2AC72181-1B0D-4DC5-A004-B3FF31662FB5}.Debug|Any CPU.Build.0 = Debug|Any CPU
		{2AC72181-1B0D-4DC5-A004-B3FF31662FB5}.Release|Any CPU.ActiveCfg = Release|Any CPU
		{2AC72181-1B0D-4DC5-A004-B3FF31662FB5}.Release|Any CPU.Build.0 = Release|Any CPU
		{EF61577D-80EB-4311-AB86-67B72F2C0F17}.Debug|Any CPU.ActiveCfg = Debug|Any CPU
		{EF61577D-80EB-4311-AB86-67B72F2C0F17}.Debug|Any CPU.Build.0 = Debug|Any CPU
		{EF61577D-80EB-4311-AB86-67B72F2C0F17}.Release|Any CPU.ActiveCfg = Release|Any CPU
		{EF61577D-80EB-4311-AB86-67B72F2C0F17}.Release|Any CPU.Build.0 = Release|Any CPU
		{4B7C9412-19F4-4227-BF89-9F0CDB82C13F}.Debug|Any CPU.ActiveCfg = Debug|Any CPU
		{4B7C9412-19F4-4227-BF89-9F0CDB82C13F}.Debug|Any CPU.Build.0 = Debug|Any CPU
		{4B7C9412-19F4-4227-BF89-9F0CDB82C13F}.Release|Any CPU.ActiveCfg = Release|Any CPU
		{4B7C9412-19F4-4227-BF89-9F0CDB82C13F}.Release|Any CPU.Build.0 = Release|Any CPU
		{CFF6B26B-B52F-4AB9-9DFF-37502786310F}.Debug|Any CPU.ActiveCfg = Debug|Any CPU
		{CFF6B26B-B52F-4AB9-9DFF-37502786310F}.Debug|Any CPU.Build.0 = Debug|Any CPU
		{CFF6B26B-B52F-4AB9-9DFF-37502786310F}.Release|Any CPU.ActiveCfg = Release|Any CPU
		{CFF6B26B-B52F-4AB9-9DFF-37502786310F}.Release|Any CPU.Build.0 = Release|Any CPU
		{A2749E11-B3F9-4485-8C4B-110B4F848CDC}.Debug|Any CPU.ActiveCfg = Debug|Any CPU
		{A2749E11-B3F9-4485-8C4B-110B4F848CDC}.Debug|Any CPU.Build.0 = Debug|Any CPU
		{A2749E11-B3F9-4485-8C4B-110B4F848CDC}.Release|Any CPU.ActiveCfg = Release|Any CPU
		{A2749E11-B3F9-4485-8C4B-110B4F848CDC}.Release|Any CPU.Build.0 = Release|Any CPU
		{3B38EA9D-77C8-4561-B21D-3A31FDED5881}.Debug|Any CPU.ActiveCfg = Debug|Any CPU
		{3B38EA9D-77C8-4561-B21D-3A31FDED5881}.Debug|Any CPU.Build.0 = Debug|Any CPU
		{3B38EA9D-77C8-4561-B21D-3A31FDED5881}.Release|Any CPU.ActiveCfg = Release|Any CPU
		{3B38EA9D-77C8-4561-B21D-3A31FDED5881}.Release|Any CPU.Build.0 = Release|Any CPU
		{A6969A52-7153-4E57-9269-05BAFD7A274A}.Debug|Any CPU.ActiveCfg = Debug|Any CPU
		{A6969A52-7153-4E57-9269-05BAFD7A274A}.Debug|Any CPU.Build.0 = Debug|Any CPU
		{A6969A52-7153-4E57-9269-05BAFD7A274A}.Release|Any CPU.ActiveCfg = Release|Any CPU
		{A6969A52-7153-4E57-9269-05BAFD7A274A}.Release|Any CPU.Build.0 = Release|Any CPU
		{8588FC66-96BD-402C-B1F7-7C8C1B3EAF1C}.Debug|Any CPU.ActiveCfg = Debug|Any CPU
		{8588FC66-96BD-402C-B1F7-7C8C1B3EAF1C}.Debug|Any CPU.Build.0 = Debug|Any CPU
		{8588FC66-96BD-402C-B1F7-7C8C1B3EAF1C}.Release|Any CPU.ActiveCfg = Release|Any CPU
		{8588FC66-96BD-402C-B1F7-7C8C1B3EAF1C}.Release|Any CPU.Build.0 = Release|Any CPU
		{590C4298-9FC3-4929-B2FF-27DF04239338}.Debug|Any CPU.ActiveCfg = Debug|Any CPU
		{590C4298-9FC3-4929-B2FF-27DF04239338}.Debug|Any CPU.Build.0 = Debug|Any CPU
		{590C4298-9FC3-4929-B2FF-27DF04239338}.Release|Any CPU.ActiveCfg = Release|Any CPU
		{590C4298-9FC3-4929-B2FF-27DF04239338}.Release|Any CPU.Build.0 = Release|Any CPU
		{F787A96A-7DCF-4DFE-8C01-DE92A2DC940A}.Debug|Any CPU.ActiveCfg = Debug|Any CPU
		{F787A96A-7DCF-4DFE-8C01-DE92A2DC940A}.Debug|Any CPU.Build.0 = Debug|Any CPU
		{F787A96A-7DCF-4DFE-8C01-DE92A2DC940A}.Release|Any CPU.ActiveCfg = Release|Any CPU
		{F787A96A-7DCF-4DFE-8C01-DE92A2DC940A}.Release|Any CPU.Build.0 = Release|Any CPU
		{8CAF92CD-936E-477E-8C4D-47602717FAFA}.Debug|Any CPU.ActiveCfg = Debug|Any CPU
		{8CAF92CD-936E-477E-8C4D-47602717FAFA}.Debug|Any CPU.Build.0 = Debug|Any CPU
		{8CAF92CD-936E-477E-8C4D-47602717FAFA}.Release|Any CPU.ActiveCfg = Release|Any CPU
		{8CAF92CD-936E-477E-8C4D-47602717FAFA}.Release|Any CPU.Build.0 = Release|Any CPU
	EndGlobalSection
	GlobalSection(SolutionProperties) = preSolution
		HideSolutionNode = FALSE
	EndGlobalSection
	GlobalSection(ExtensibilityGlobals) = postSolution
		SolutionGuid = {F78A228B-01F1-4782-9C91-1036B678917F}
	EndGlobalSection
EndGlobal
